
Microsoft Visual Studio Solution File, Format Version 12.00
# Visual Studio Version 17
VisualStudioVersion = 17.12.35521.163 d17.12
MinimumVisualStudioVersion = 10.0.40219.1
Project("{FAE04EC0-301F-11D3-BF4B-00C04F79EFBC}") = "Jardineria", "Jardineria.csproj", "{001011ED-0950-400E-A3A8-FDCF81B68240}"
EndProject
Global
	GlobalSection(SolutionConfigurationPlatforms) = preSolution
		Debug|Any CPU = Debug|Any CPU
		Release|Any CPU = Release|Any CPU
	EndGlobalSection
	GlobalSection(ProjectConfigurationPlatforms) = postSolution
		{001011ED-0950-400E-A3A8-FDCF81B68240}.Debug|Any CPU.ActiveCfg = Debug|Any CPU
		{001011ED-0950-400E-A3A8-FDCF81B68240}.Debug|Any CPU.Build.0 = Debug|Any CPU
		{001011ED-0950-400E-A3A8-FDCF81B68240}.Release|Any CPU.ActiveCfg = Release|Any CPU
		{001011ED-0950-400E-A3A8-FDCF81B68240}.Release|Any CPU.Build.0 = Release|Any CPU
	EndGlobalSection
	GlobalSection(SolutionProperties) = preSolution
		HideSolutionNode = FALSE
	EndGlobalSection
EndGlobal
