
Microsoft Visual Studio Solution File, Format Version 12.00
# Visual Studio Version 17
VisualStudioVersion = 17.11.35312.102
MinimumVisualStudioVersion = 10.0.40219.1
Project("{9A19103F-16F7-4668-BE54-9A1E7A4F7556}") = "MVCDBCodeFirst", "MVCDBCodeFirst.csproj", "{06037B07-8ECF-478D-981C-A58E11EFC80B}"
EndProject
Global
	GlobalSection(SolutionConfigurationPlatforms) = preSolution
		Debug|Any CPU = Debug|Any CPU
		Release|Any CPU = Release|Any CPU
	EndGlobalSection
	GlobalSection(ProjectConfigurationPlatforms) = postSolution
		{06037B07-8ECF-478D-981C-A58E11EFC80B}.Debug|Any CPU.ActiveCfg = Debug|Any CPU
		{06037B07-8ECF-478D-981C-A58E11EFC80B}.Debug|Any CPU.Build.0 = Debug|Any CPU
		{06037B07-8ECF-478D-981C-A58E11EFC80B}.Release|Any CPU.ActiveCfg = Release|Any CPU
		{06037B07-8ECF-478D-981C-A58E11EFC80B}.Release|Any CPU.Build.0 = Release|Any CPU
	EndGlobalSection
	GlobalSection(SolutionProperties) = preSolution
		HideSolutionNode = FALSE
	EndGlobalSection
	GlobalSection(ExtensibilityGlobals) = postSolution
		SolutionGuid = {DF22C506-D8E8-4C30-96E3-71C0621D9829}
	EndGlobalSection
EndGlobal
